// !$*UTF8*$!
{
	archiveVersion = 1;
	classes = {
	};
	objectVersion = 50;
	objects = {

/* Begin PBXBuildFile section */
		1355ABC2238DC0DC0090B2AC /* ViewControllerSeries.swift in Sources */ = {isa = PBXBuildFile; fileRef = 1355ABC1238DC0DC0090B2AC /* ViewControllerSeries.swift */; };
		1355ABD2238DC38A0090B2AC /* CeldaSerieController.swift in Sources */ = {isa = PBXBuildFile; fileRef = 1355ABD1238DC38A0090B2AC /* CeldaSerieController.swift */; };
		1355ABD8238DDC540090B2AC /* DatosSerieController.swift in Sources */ = {isa = PBXBuildFile; fileRef = 1355ABD7238DDC540090B2AC /* DatosSerieController.swift */; };
		3C92B6EB238DADBC0009D0E6 /* Serie.swift in Sources */ = {isa = PBXBuildFile; fileRef = 3C92B6EA238DADBC0009D0E6 /* Serie.swift */; };
		3D4D5150237B4BC200C2CE55 /* AppDelegate.swift in Sources */ = {isa = PBXBuildFile; fileRef = 3D4D514F237B4BC200C2CE55 /* AppDelegate.swift */; };
		3D4D5152237B4BC200C2CE55 /* ViewController.swift in Sources */ = {isa = PBXBuildFile; fileRef = 3D4D5151237B4BC200C2CE55 /* ViewController.swift */; };
		3D4D5155237B4BC200C2CE55 /* Main.storyboard in Resources */ = {isa = PBXBuildFile; fileRef = 3D4D5153237B4BC200C2CE55 /* Main.storyboard */; };
		3D4D5157237B4BC200C2CE55 /* Assets.xcassets in Resources */ = {isa = PBXBuildFile; fileRef = 3D4D5156237B4BC200C2CE55 /* Assets.xcassets */; };
		3D4D515A237B4BC200C2CE55 /* LaunchScreen.storyboard in Resources */ = {isa = PBXBuildFile; fileRef = 3D4D5158237B4BC200C2CE55 /* LaunchScreen.storyboard */; };
		3D4D5165237B4BC200C2CE55 /* popmovieTests.swift in Sources */ = {isa = PBXBuildFile; fileRef = 3D4D5164237B4BC200C2CE55 /* popmovieTests.swift */; };
		3D4D5170237B4BC300C2CE55 /* popmovieUITests.swift in Sources */ = {isa = PBXBuildFile; fileRef = 3D4D516F237B4BC300C2CE55 /* popmovieUITests.swift */; };
		3D4D517E237B55BA00C2CE55 /* Pelicula.swift in Sources */ = {isa = PBXBuildFile; fileRef = 3D4D517D237B55BA00C2CE55 /* Pelicula.swift */; };
		3D4D5180237B582C00C2CE55 /* celdaPeliculaController.swift in Sources */ = {isa = PBXBuildFile; fileRef = 3D4D517F237B582C00C2CE55 /* celdaPeliculaController.swift */; };
		3D71C613237CB1C800EF495B /* Alamofire.framework in Frameworks */ = {isa = PBXBuildFile; fileRef = 3D71C606237CB17500EF495B /* Alamofire.framework */; };
		3D71C614237CB1C800EF495B /* Alamofire.framework in Embed Frameworks */ = {isa = PBXBuildFile; fileRef = 3D71C606237CB17500EF495B /* Alamofire.framework */; settings = {ATTRIBUTES = (CodeSignOnCopy, RemoveHeadersOnCopy, ); }; };
		3D71C634237CB1E500EF495B /* AlamofireImage.framework in Frameworks */ = {isa = PBXBuildFile; fileRef = 3D71C625237CB1D200EF495B /* AlamofireImage.framework */; };
		3D71C635237CB1E500EF495B /* AlamofireImage.framework in Embed Frameworks */ = {isa = PBXBuildFile; fileRef = 3D71C625237CB1D200EF495B /* AlamofireImage.framework */; settings = {ATTRIBUTES = (CodeSignOnCopy, RemoveHeadersOnCopy, ); }; };
		AD7694F2237E50ED00C08AD4 /* DatosPeliculaController.swift in Sources */ = {isa = PBXBuildFile; fileRef = AD7694F1237E50ED00C08AD4 /* DatosPeliculaController.swift */; };
/* End PBXBuildFile section */

/* Begin PBXContainerItemProxy section */
		3D4D5161237B4BC200C2CE55 /* PBXContainerItemProxy */ = {
			isa = PBXContainerItemProxy;
			containerPortal = 3D4D5144237B4BC200C2CE55 /* Project object */;
			proxyType = 1;
			remoteGlobalIDString = 3D4D514B237B4BC200C2CE55;
			remoteInfo = popmovie;
		};
		3D4D516C237B4BC300C2CE55 /* PBXContainerItemProxy */ = {
			isa = PBXContainerItemProxy;
			containerPortal = 3D4D5144237B4BC200C2CE55 /* Project object */;
			proxyType = 1;
			remoteGlobalIDString = 3D4D514B237B4BC200C2CE55;
			remoteInfo = popmovie;
		};
		3D71C605237CB17500EF495B /* PBXContainerItemProxy */ = {
			isa = PBXContainerItemProxy;
			containerPortal = 3D71C5FB237CB17500EF495B /* Alamofire.xcodeproj */;
			proxyType = 2;
			remoteGlobalIDString = F8111E3319A95C8B0040E7D1;
			remoteInfo = "Alamofire iOS";
		};
		3D71C607237CB17500EF495B /* PBXContainerItemProxy */ = {
			isa = PBXContainerItemProxy;
			containerPortal = 3D71C5FB237CB17500EF495B /* Alamofire.xcodeproj */;
			proxyType = 2;
			remoteGlobalIDString = F8111E3E19A95C8B0040E7D1;
			remoteInfo = "Alamofire iOS Tests";
		};
		3D71C609237CB17500EF495B /* PBXContainerItemProxy */ = {
			isa = PBXContainerItemProxy;
			containerPortal = 3D71C5FB237CB17500EF495B /* Alamofire.xcodeproj */;
			proxyType = 2;
			remoteGlobalIDString = 4DD67C0B1A5C55C900ED2280;
			remoteInfo = "Alamofire macOS";
		};
		3D71C60B237CB17500EF495B /* PBXContainerItemProxy */ = {
			isa = PBXContainerItemProxy;
			containerPortal = 3D71C5FB237CB17500EF495B /* Alamofire.xcodeproj */;
			proxyType = 2;
			remoteGlobalIDString = F829C6B21A7A94F100A2CD59;
			remoteInfo = "Alamofire macOS Tests";
		};
		3D71C60D237CB17500EF495B /* PBXContainerItemProxy */ = {
			isa = PBXContainerItemProxy;
			containerPortal = 3D71C5FB237CB17500EF495B /* Alamofire.xcodeproj */;
			proxyType = 2;
			remoteGlobalIDString = 4CF626EF1BA7CB3E0011A099;
			remoteInfo = "Alamofire tvOS";
		};
		3D71C60F237CB17500EF495B /* PBXContainerItemProxy */ = {
			isa = PBXContainerItemProxy;
			containerPortal = 3D71C5FB237CB17500EF495B /* Alamofire.xcodeproj */;
			proxyType = 2;
			remoteGlobalIDString = 4CF626F81BA7CB3E0011A099;
			remoteInfo = "Alamofire tvOS Tests";
		};
		3D71C611237CB17500EF495B /* PBXContainerItemProxy */ = {
			isa = PBXContainerItemProxy;
			containerPortal = 3D71C5FB237CB17500EF495B /* Alamofire.xcodeproj */;
			proxyType = 2;
			remoteGlobalIDString = E4202FE01B667AA100C997FB;
			remoteInfo = "Alamofire watchOS";
		};
		3D71C615237CB1C800EF495B /* PBXContainerItemProxy */ = {
			isa = PBXContainerItemProxy;
			containerPortal = 3D71C5FB237CB17500EF495B /* Alamofire.xcodeproj */;
			proxyType = 1;
			remoteGlobalIDString = F8111E3219A95C8B0040E7D1;
			remoteInfo = "Alamofire iOS";
		};
		3D71C624237CB1D200EF495B /* PBXContainerItemProxy */ = {
			isa = PBXContainerItemProxy;
			containerPortal = 3D71C618237CB1D200EF495B /* AlamofireImage.xcodeproj */;
			proxyType = 2;
			remoteGlobalIDString = 4C9043771AABBFC5001B4E60;
			remoteInfo = "AlamofireImage iOS";
		};
		3D71C626237CB1D200EF495B /* PBXContainerItemProxy */ = {
			isa = PBXContainerItemProxy;
			containerPortal = 3D71C618237CB1D200EF495B /* AlamofireImage.xcodeproj */;
			proxyType = 2;
			remoteGlobalIDString = 4C9043821AABBFC5001B4E60;
			remoteInfo = "AlamofireImage iOS Tests";
		};
		3D71C628237CB1D200EF495B /* PBXContainerItemProxy */ = {
			isa = PBXContainerItemProxy;
			containerPortal = 3D71C618237CB1D200EF495B /* AlamofireImage.xcodeproj */;
			proxyType = 2;
			remoteGlobalIDString = 4CE611321AABC24E00D35044;
			remoteInfo = "AlamofireImage macOS";
		};
		3D71C62A237CB1D200EF495B /* PBXContainerItemProxy */ = {
			isa = PBXContainerItemProxy;
			containerPortal = 3D71C618237CB1D200EF495B /* AlamofireImage.xcodeproj */;
			proxyType = 2;
			remoteGlobalIDString = 4CE611471AABC5C900D35044;
			remoteInfo = "AlamofireImage macOS Tests";
		};
		3D71C62C237CB1D200EF495B /* PBXContainerItemProxy */ = {
			isa = PBXContainerItemProxy;
			containerPortal = 3D71C618237CB1D200EF495B /* AlamofireImage.xcodeproj */;
			proxyType = 2;
			remoteGlobalIDString = 4C16B37D1BA9399500A66EF0;
			remoteInfo = "AlamofireImage tvOS";
		};
		3D71C62E237CB1D200EF495B /* PBXContainerItemProxy */ = {
			isa = PBXContainerItemProxy;
			containerPortal = 3D71C618237CB1D200EF495B /* AlamofireImage.xcodeproj */;
			proxyType = 2;
			remoteGlobalIDString = 4C16B3861BA9399500A66EF0;
			remoteInfo = "AlamofireImage tvOS Tests";
		};
		3D71C630237CB1D200EF495B /* PBXContainerItemProxy */ = {
			isa = PBXContainerItemProxy;
			containerPortal = 3D71C618237CB1D200EF495B /* AlamofireImage.xcodeproj */;
			proxyType = 2;
			remoteGlobalIDString = 4C4D4EC11B92976900C96855;
			remoteInfo = "AlamofireImage watchOS";
		};
		3D71C632237CB1D200EF495B /* PBXContainerItemProxy */ = {
			isa = PBXContainerItemProxy;
			containerPortal = 3D71C618237CB1D200EF495B /* AlamofireImage.xcodeproj */;
			proxyType = 2;
			remoteGlobalIDString = 4C11830B2150517E007A8298;
			remoteInfo = "iOS Example";
		};
		3D71C636237CB1E500EF495B /* PBXContainerItemProxy */ = {
			isa = PBXContainerItemProxy;
			containerPortal = 3D71C618237CB1D200EF495B /* AlamofireImage.xcodeproj */;
			proxyType = 1;
			remoteGlobalIDString = 4C9043761AABBFC5001B4E60;
			remoteInfo = "AlamofireImage iOS";
		};
/* End PBXContainerItemProxy section */

/* Begin PBXCopyFilesBuildPhase section */
		3D71C617237CB1C800EF495B /* Embed Frameworks */ = {
			isa = PBXCopyFilesBuildPhase;
			buildActionMask = 2147483647;
			dstPath = "";
			dstSubfolderSpec = 10;
			files = (
				3D71C614237CB1C800EF495B /* Alamofire.framework in Embed Frameworks */,
				3D71C635237CB1E500EF495B /* AlamofireImage.framework in Embed Frameworks */,
			);
			name = "Embed Frameworks";
			runOnlyForDeploymentPostprocessing = 0;
		};
/* End PBXCopyFilesBuildPhase section */

/* Begin PBXFileReference section */
		1355ABC1238DC0DC0090B2AC /* ViewControllerSeries.swift */ = {isa = PBXFileReference; lastKnownFileType = sourcecode.swift; path = ViewControllerSeries.swift; sourceTree = "<group>"; };
		1355ABD1238DC38A0090B2AC /* CeldaSerieController.swift */ = {isa = PBXFileReference; lastKnownFileType = sourcecode.swift; path = CeldaSerieController.swift; sourceTree = "<group>"; };
		1355ABD7238DDC540090B2AC /* DatosSerieController.swift */ = {isa = PBXFileReference; lastKnownFileType = sourcecode.swift; path = DatosSerieController.swift; sourceTree = "<group>"; };
		3C92B6EA238DADBC0009D0E6 /* Serie.swift */ = {isa = PBXFileReference; lastKnownFileType = sourcecode.swift; path = Serie.swift; sourceTree = "<group>"; };
		3D4D514C237B4BC200C2CE55 /* popmovie.app */ = {isa = PBXFileReference; explicitFileType = wrapper.application; includeInIndex = 0; path = popmovie.app; sourceTree = BUILT_PRODUCTS_DIR; };
		3D4D514F237B4BC200C2CE55 /* AppDelegate.swift */ = {isa = PBXFileReference; lastKnownFileType = sourcecode.swift; path = AppDelegate.swift; sourceTree = "<group>"; };
		3D4D5151237B4BC200C2CE55 /* ViewController.swift */ = {isa = PBXFileReference; lastKnownFileType = sourcecode.swift; path = ViewController.swift; sourceTree = "<group>"; };
		3D4D5154237B4BC200C2CE55 /* Base */ = {isa = PBXFileReference; lastKnownFileType = file.storyboard; name = Base; path = Base.lproj/Main.storyboard; sourceTree = "<group>"; };
		3D4D5156237B4BC200C2CE55 /* Assets.xcassets */ = {isa = PBXFileReference; lastKnownFileType = folder.assetcatalog; path = Assets.xcassets; sourceTree = "<group>"; };
		3D4D5159237B4BC200C2CE55 /* Base */ = {isa = PBXFileReference; lastKnownFileType = file.storyboard; name = Base; path = Base.lproj/LaunchScreen.storyboard; sourceTree = "<group>"; };
		3D4D515B237B4BC200C2CE55 /* Info.plist */ = {isa = PBXFileReference; lastKnownFileType = text.plist.xml; path = Info.plist; sourceTree = "<group>"; };
		3D4D5160237B4BC200C2CE55 /* popmovieTests.xctest */ = {isa = PBXFileReference; explicitFileType = wrapper.cfbundle; includeInIndex = 0; path = popmovieTests.xctest; sourceTree = BUILT_PRODUCTS_DIR; };
		3D4D5164237B4BC200C2CE55 /* popmovieTests.swift */ = {isa = PBXFileReference; lastKnownFileType = sourcecode.swift; path = popmovieTests.swift; sourceTree = "<group>"; };
		3D4D5166237B4BC200C2CE55 /* Info.plist */ = {isa = PBXFileReference; lastKnownFileType = text.plist.xml; path = Info.plist; sourceTree = "<group>"; };
		3D4D516B237B4BC300C2CE55 /* popmovieUITests.xctest */ = {isa = PBXFileReference; explicitFileType = wrapper.cfbundle; includeInIndex = 0; path = popmovieUITests.xctest; sourceTree = BUILT_PRODUCTS_DIR; };
		3D4D516F237B4BC300C2CE55 /* popmovieUITests.swift */ = {isa = PBXFileReference; lastKnownFileType = sourcecode.swift; path = popmovieUITests.swift; sourceTree = "<group>"; };
		3D4D5171237B4BC300C2CE55 /* Info.plist */ = {isa = PBXFileReference; lastKnownFileType = text.plist.xml; path = Info.plist; sourceTree = "<group>"; };
		3D4D517D237B55BA00C2CE55 /* Pelicula.swift */ = {isa = PBXFileReference; lastKnownFileType = sourcecode.swift; path = Pelicula.swift; sourceTree = "<group>"; };
		3D4D517F237B582C00C2CE55 /* celdaPeliculaController.swift */ = {isa = PBXFileReference; lastKnownFileType = sourcecode.swift; path = celdaPeliculaController.swift; sourceTree = "<group>"; };
		3D71C5FB237CB17500EF495B /* Alamofire.xcodeproj */ = {isa = PBXFileReference; lastKnownFileType = "wrapper.pb-project"; name = Alamofire.xcodeproj; path = Alamofire/Alamofire.xcodeproj; sourceTree = "<group>"; };
		3D71C618237CB1D200EF495B /* AlamofireImage.xcodeproj */ = {isa = PBXFileReference; lastKnownFileType = "wrapper.pb-project"; name = AlamofireImage.xcodeproj; path = AlamofireImage/AlamofireImage.xcodeproj; sourceTree = "<group>"; };
		AD7694F1237E50ED00C08AD4 /* DatosPeliculaController.swift */ = {isa = PBXFileReference; lastKnownFileType = sourcecode.swift; path = DatosPeliculaController.swift; sourceTree = "<group>"; };
/* End PBXFileReference section */

/* Begin PBXFrameworksBuildPhase section */
		3D4D5149237B4BC200C2CE55 /* Frameworks */ = {
			isa = PBXFrameworksBuildPhase;
			buildActionMask = 2147483647;
			files = (
				3D71C613237CB1C800EF495B /* Alamofire.framework in Frameworks */,
				3D71C634237CB1E500EF495B /* AlamofireImage.framework in Frameworks */,
			);
			runOnlyForDeploymentPostprocessing = 0;
		};
		3D4D515D237B4BC200C2CE55 /* Frameworks */ = {
			isa = PBXFrameworksBuildPhase;
			buildActionMask = 2147483647;
			files = (
			);
			runOnlyForDeploymentPostprocessing = 0;
		};
		3D4D5168237B4BC300C2CE55 /* Frameworks */ = {
			isa = PBXFrameworksBuildPhase;
			buildActionMask = 2147483647;
			files = (
			);
			runOnlyForDeploymentPostprocessing = 0;
		};
/* End PBXFrameworksBuildPhase section */

/* Begin PBXGroup section */
		3D4D5143237B4BC200C2CE55 = {
			isa = PBXGroup;
			children = (
				3D71C618237CB1D200EF495B /* AlamofireImage.xcodeproj */,
				3D71C5FB237CB17500EF495B /* Alamofire.xcodeproj */,
				3D4D514E237B4BC200C2CE55 /* popmovie */,
				3D4D5163237B4BC200C2CE55 /* popmovieTests */,
				3D4D516E237B4BC300C2CE55 /* popmovieUITests */,
				3D4D514D237B4BC200C2CE55 /* Products */,
			);
			sourceTree = "<group>";
		};
		3D4D514D237B4BC200C2CE55 /* Products */ = {
			isa = PBXGroup;
			children = (
				3D4D514C237B4BC200C2CE55 /* popmovie.app */,
				3D4D5160237B4BC200C2CE55 /* popmovieTests.xctest */,
				3D4D516B237B4BC300C2CE55 /* popmovieUITests.xctest */,
			);
			name = Products;
			sourceTree = "<group>";
		};
		3D4D514E237B4BC200C2CE55 /* popmovie */ = {
			isa = PBXGroup;
			children = (
				3D4D514F237B4BC200C2CE55 /* AppDelegate.swift */,
				3D4D5153237B4BC200C2CE55 /* Main.storyboard */,
				AD7694EC237E3F8000C08AD4 /* Modelos */,
				3D4D5182237B59C800C2CE55 /* Controllers */,
				3D4D5156237B4BC200C2CE55 /* Assets.xcassets */,
				3D4D5158237B4BC200C2CE55 /* LaunchScreen.storyboard */,
				3D4D515B237B4BC200C2CE55 /* Info.plist */,
			);
			path = popmovie;
			sourceTree = "<group>";
		};
		3D4D5163237B4BC200C2CE55 /* popmovieTests */ = {
			isa = PBXGroup;
			children = (
				3D4D5164237B4BC200C2CE55 /* popmovieTests.swift */,
				3D4D5166237B4BC200C2CE55 /* Info.plist */,
			);
			path = popmovieTests;
			sourceTree = "<group>";
		};
		3D4D516E237B4BC300C2CE55 /* popmovieUITests */ = {
			isa = PBXGroup;
			children = (
				3D4D516F237B4BC300C2CE55 /* popmovieUITests.swift */,
				3D4D5171237B4BC300C2CE55 /* Info.plist */,
			);
			path = popmovieUITests;
			sourceTree = "<group>";
		};
		3D4D5182237B59C800C2CE55 /* Controllers */ = {
			isa = PBXGroup;
			children = (
				AD7694F1237E50ED00C08AD4 /* DatosPeliculaController.swift */,
				3D4D517F237B582C00C2CE55 /* celdaPeliculaController.swift */,
				3D4D5151237B4BC200C2CE55 /* ViewController.swift */,
				1355ABC1238DC0DC0090B2AC /* ViewControllerSeries.swift */,
				1355ABD1238DC38A0090B2AC /* CeldaSerieController.swift */,
				1355ABD7238DDC540090B2AC /* DatosSerieController.swift */,
			);
			name = Controllers;
			sourceTree = "<group>";
		};
		3D71C5FC237CB17500EF495B /* Products */ = {
			isa = PBXGroup;
			children = (
				3D71C606237CB17500EF495B /* Alamofire.framework */,
				3D71C608237CB17500EF495B /* Alamofire iOS Tests.xctest */,
				3D71C60A237CB17500EF495B /* Alamofire.framework */,
				3D71C60C237CB17500EF495B /* Alamofire macOS Tests.xctest */,
				3D71C60E237CB17500EF495B /* Alamofire.framework */,
				3D71C610237CB17500EF495B /* Alamofire tvOS Tests.xctest */,
				3D71C612237CB17500EF495B /* Alamofire.framework */,
			);
			name = Products;
			sourceTree = "<group>";
		};
		3D71C619237CB1D200EF495B /* Products */ = {
			isa = PBXGroup;
			children = (
				3D71C625237CB1D200EF495B /* AlamofireImage.framework */,
				3D71C627237CB1D200EF495B /* AlamofireImage iOS Tests.xctest */,
				3D71C629237CB1D200EF495B /* AlamofireImage.framework */,
				3D71C62B237CB1D200EF495B /* AlamofireImage macOS Tests.xctest */,
				3D71C62D237CB1D200EF495B /* AlamofireImage.framework */,
				3D71C62F237CB1D200EF495B /* AlamofireImage tvOS Tests.xctest */,
				3D71C631237CB1D200EF495B /* AlamofireImage.framework */,
				3D71C633237CB1D200EF495B /* iOS Example.app */,
			);
			name = Products;
			sourceTree = "<group>";
		};
		AD7694EC237E3F8000C08AD4 /* Modelos */ = {
			isa = PBXGroup;
			children = (
				3D4D517D237B55BA00C2CE55 /* Pelicula.swift */,
				3C92B6EA238DADBC0009D0E6 /* Serie.swift */,
			);
			name = Modelos;
			sourceTree = "<group>";
		};
/* End PBXGroup section */

/* Begin PBXNativeTarget section */
		3D4D514B237B4BC200C2CE55 /* popmovie */ = {
			isa = PBXNativeTarget;
			buildConfigurationList = 3D4D5174237B4BC300C2CE55 /* Build configuration list for PBXNativeTarget "popmovie" */;
			buildPhases = (
				3D4D5148237B4BC200C2CE55 /* Sources */,
				3D4D5149237B4BC200C2CE55 /* Frameworks */,
				3D4D514A237B4BC200C2CE55 /* Resources */,
				3D71C617237CB1C800EF495B /* Embed Frameworks */,
			);
			buildRules = (
			);
			dependencies = (
				3D71C616237CB1C800EF495B /* PBXTargetDependency */,
				3D71C637237CB1E500EF495B /* PBXTargetDependency */,
			);
			name = popmovie;
			productName = popmovie;
			productReference = 3D4D514C237B4BC200C2CE55 /* popmovie.app */;
			productType = "com.apple.product-type.application";
		};
		3D4D515F237B4BC200C2CE55 /* popmovieTests */ = {
			isa = PBXNativeTarget;
			buildConfigurationList = 3D4D5177237B4BC300C2CE55 /* Build configuration list for PBXNativeTarget "popmovieTests" */;
			buildPhases = (
				3D4D515C237B4BC200C2CE55 /* Sources */,
				3D4D515D237B4BC200C2CE55 /* Frameworks */,
				3D4D515E237B4BC200C2CE55 /* Resources */,
			);
			buildRules = (
			);
			dependencies = (
				3D4D5162237B4BC200C2CE55 /* PBXTargetDependency */,
			);
			name = popmovieTests;
			productName = popmovieTests;
			productReference = 3D4D5160237B4BC200C2CE55 /* popmovieTests.xctest */;
			productType = "com.apple.product-type.bundle.unit-test";
		};
		3D4D516A237B4BC300C2CE55 /* popmovieUITests */ = {
			isa = PBXNativeTarget;
			buildConfigurationList = 3D4D517A237B4BC300C2CE55 /* Build configuration list for PBXNativeTarget "popmovieUITests" */;
			buildPhases = (
				3D4D5167237B4BC300C2CE55 /* Sources */,
				3D4D5168237B4BC300C2CE55 /* Frameworks */,
				3D4D5169237B4BC300C2CE55 /* Resources */,
			);
			buildRules = (
			);
			dependencies = (
				3D4D516D237B4BC300C2CE55 /* PBXTargetDependency */,
			);
			name = popmovieUITests;
			productName = popmovieUITests;
			productReference = 3D4D516B237B4BC300C2CE55 /* popmovieUITests.xctest */;
			productType = "com.apple.product-type.bundle.ui-testing";
		};
/* End PBXNativeTarget section */

/* Begin PBXProject section */
		3D4D5144237B4BC200C2CE55 /* Project object */ = {
			isa = PBXProject;
			attributes = {
				LastSwiftUpdateCheck = 1030;
				LastUpgradeCheck = 1030;
				ORGANIZATIONNAME = Alumno;
				TargetAttributes = {
					3D4D514B237B4BC200C2CE55 = {
						CreatedOnToolsVersion = 10.3;
					};
					3D4D515F237B4BC200C2CE55 = {
						CreatedOnToolsVersion = 10.3;
						TestTargetID = 3D4D514B237B4BC200C2CE55;
					};
					3D4D516A237B4BC300C2CE55 = {
						CreatedOnToolsVersion = 10.3;
						TestTargetID = 3D4D514B237B4BC200C2CE55;
					};
				};
			};
			buildConfigurationList = 3D4D5147237B4BC200C2CE55 /* Build configuration list for PBXProject "popmovie" */;
			compatibilityVersion = "Xcode 9.3";
			developmentRegion = en;
			hasScannedForEncodings = 0;
			knownRegions = (
				en,
				Base,
			);
			mainGroup = 3D4D5143237B4BC200C2CE55;
			productRefGroup = 3D4D514D237B4BC200C2CE55 /* Products */;
			projectDirPath = "";
			projectReferences = (
				{
					ProductGroup = 3D71C5FC237CB17500EF495B /* Products */;
					ProjectRef = 3D71C5FB237CB17500EF495B /* Alamofire.xcodeproj */;
				},
				{
					ProductGroup = 3D71C619237CB1D200EF495B /* Products */;
					ProjectRef = 3D71C618237CB1D200EF495B /* AlamofireImage.xcodeproj */;
				},
			);
			projectRoot = "";
			targets = (
				3D4D514B237B4BC200C2CE55 /* popmovie */,
				3D4D515F237B4BC200C2CE55 /* popmovieTests */,
				3D4D516A237B4BC300C2CE55 /* popmovieUITests */,
			);
		};
/* End PBXProject section */

/* Begin PBXReferenceProxy section */
		3D71C606237CB17500EF495B /* Alamofire.framework */ = {
			isa = PBXReferenceProxy;
			fileType = wrapper.framework;
			path = Alamofire.framework;
			remoteRef = 3D71C605237CB17500EF495B /* PBXContainerItemProxy */;
			sourceTree = BUILT_PRODUCTS_DIR;
		};
		3D71C608237CB17500EF495B /* Alamofire iOS Tests.xctest */ = {
			isa = PBXReferenceProxy;
			fileType = wrapper.cfbundle;
			path = "Alamofire iOS Tests.xctest";
			remoteRef = 3D71C607237CB17500EF495B /* PBXContainerItemProxy */;
			sourceTree = BUILT_PRODUCTS_DIR;
		};
		3D71C60A237CB17500EF495B /* Alamofire.framework */ = {
			isa = PBXReferenceProxy;
			fileType = wrapper.framework;
			path = Alamofire.framework;
			remoteRef = 3D71C609237CB17500EF495B /* PBXContainerItemProxy */;
			sourceTree = BUILT_PRODUCTS_DIR;
		};
		3D71C60C237CB17500EF495B /* Alamofire macOS Tests.xctest */ = {
			isa = PBXReferenceProxy;
			fileType = wrapper.cfbundle;
			path = "Alamofire macOS Tests.xctest";
			remoteRef = 3D71C60B237CB17500EF495B /* PBXContainerItemProxy */;
			sourceTree = BUILT_PRODUCTS_DIR;
		};
		3D71C60E237CB17500EF495B /* Alamofire.framework */ = {
			isa = PBXReferenceProxy;
			fileType = wrapper.framework;
			path = Alamofire.framework;
			remoteRef = 3D71C60D237CB17500EF495B /* PBXContainerItemProxy */;
			sourceTree = BUILT_PRODUCTS_DIR;
		};
		3D71C610237CB17500EF495B /* Alamofire tvOS Tests.xctest */ = {
			isa = PBXReferenceProxy;
			fileType = wrapper.cfbundle;
			path = "Alamofire tvOS Tests.xctest";
			remoteRef = 3D71C60F237CB17500EF495B /* PBXContainerItemProxy */;
			sourceTree = BUILT_PRODUCTS_DIR;
		};
		3D71C612237CB17500EF495B /* Alamofire.framework */ = {
			isa = PBXReferenceProxy;
			fileType = wrapper.framework;
			path = Alamofire.framework;
			remoteRef = 3D71C611237CB17500EF495B /* PBXContainerItemProxy */;
			sourceTree = BUILT_PRODUCTS_DIR;
		};
		3D71C625237CB1D200EF495B /* AlamofireImage.framework */ = {
			isa = PBXReferenceProxy;
			fileType = wrapper.framework;
			path = AlamofireImage.framework;
			remoteRef = 3D71C624237CB1D200EF495B /* PBXContainerItemProxy */;
			sourceTree = BUILT_PRODUCTS_DIR;
		};
		3D71C627237CB1D200EF495B /* AlamofireImage iOS Tests.xctest */ = {
			isa = PBXReferenceProxy;
			fileType = wrapper.cfbundle;
			path = "AlamofireImage iOS Tests.xctest";
			remoteRef = 3D71C626237CB1D200EF495B /* PBXContainerItemProxy */;
			sourceTree = BUILT_PRODUCTS_DIR;
		};
		3D71C629237CB1D200EF495B /* AlamofireImage.framework */ = {
			isa = PBXReferenceProxy;
			fileType = wrapper.framework;
			path = AlamofireImage.framework;
			remoteRef = 3D71C628237CB1D200EF495B /* PBXContainerItemProxy */;
			sourceTree = BUILT_PRODUCTS_DIR;
		};
		3D71C62B237CB1D200EF495B /* AlamofireImage macOS Tests.xctest */ = {
			isa = PBXReferenceProxy;
			fileType = wrapper.cfbundle;
			path = "AlamofireImage macOS Tests.xctest";
			remoteRef = 3D71C62A237CB1D200EF495B /* PBXContainerItemProxy */;
			sourceTree = BUILT_PRODUCTS_DIR;
		};
		3D71C62D237CB1D200EF495B /* AlamofireImage.framework */ = {
			isa = PBXReferenceProxy;
			fileType = wrapper.framework;
			path = AlamofireImage.framework;
			remoteRef = 3D71C62C237CB1D200EF495B /* PBXContainerItemProxy */;
			sourceTree = BUILT_PRODUCTS_DIR;
		};
		3D71C62F237CB1D200EF495B /* AlamofireImage tvOS Tests.xctest */ = {
			isa = PBXReferenceProxy;
			fileType = wrapper.cfbundle;
			path = "AlamofireImage tvOS Tests.xctest";
			remoteRef = 3D71C62E237CB1D200EF495B /* PBXContainerItemProxy */;
			sourceTree = BUILT_PRODUCTS_DIR;
		};
		3D71C631237CB1D200EF495B /* AlamofireImage.framework */ = {
			isa = PBXReferenceProxy;
			fileType = wrapper.framework;
			path = AlamofireImage.framework;
			remoteRef = 3D71C630237CB1D200EF495B /* PBXContainerItemProxy */;
			sourceTree = BUILT_PRODUCTS_DIR;
		};
		3D71C633237CB1D200EF495B /* iOS Example.app */ = {
			isa = PBXReferenceProxy;
			fileType = wrapper.application;
			path = "iOS Example.app";
			remoteRef = 3D71C632237CB1D200EF495B /* PBXContainerItemProxy */;
			sourceTree = BUILT_PRODUCTS_DIR;
		};
/* End PBXReferenceProxy section */

/* Begin PBXResourcesBuildPhase section */
		3D4D514A237B4BC200C2CE55 /* Resources */ = {
			isa = PBXResourcesBuildPhase;
			buildActionMask = 2147483647;
			files = (
				3D4D515A237B4BC200C2CE55 /* LaunchScreen.storyboard in Resources */,
				3D4D5157237B4BC200C2CE55 /* Assets.xcassets in Resources */,
				3D4D5155237B4BC200C2CE55 /* Main.storyboard in Resources */,
			);
			runOnlyForDeploymentPostprocessing = 0;
		};
		3D4D515E237B4BC200C2CE55 /* Resources */ = {
			isa = PBXResourcesBuildPhase;
			buildActionMask = 2147483647;
			files = (
			);
			runOnlyForDeploymentPostprocessing = 0;
		};
		3D4D5169237B4BC300C2CE55 /* Resources */ = {
			isa = PBXResourcesBuildPhase;
			buildActionMask = 2147483647;
			files = (
			);
			runOnlyForDeploymentPostprocessing = 0;
		};
/* End PBXResourcesBuildPhase section */

/* Begin PBXSourcesBuildPhase section */
		3D4D5148237B4BC200C2CE55 /* Sources */ = {
			isa = PBXSourcesBuildPhase;
			buildActionMask = 2147483647;
			files = (
				3D4D5180237B582C00C2CE55 /* celdaPeliculaController.swift in Sources */,
				3D4D517E237B55BA00C2CE55 /* Pelicula.swift in Sources */,
				1355ABD2238DC38A0090B2AC /* CeldaSerieController.swift in Sources */,
				3C92B6EB238DADBC0009D0E6 /* Serie.swift in Sources */,
				1355ABC2238DC0DC0090B2AC /* ViewControllerSeries.swift in Sources */,
				3D4D5152237B4BC200C2CE55 /* ViewController.swift in Sources */,
				3D4D5150237B4BC200C2CE55 /* AppDelegate.swift in Sources */,
				AD7694F2237E50ED00C08AD4 /* DatosPeliculaController.swift in Sources */,
				1355ABD8238DDC540090B2AC /* DatosSerieController.swift in Sources */,
			);
			runOnlyForDeploymentPostprocessing = 0;
		};
		3D4D515C237B4BC200C2CE55 /* Sources */ = {
			isa = PBXSourcesBuildPhase;
			buildActionMask = 2147483647;
			files = (
				3D4D5165237B4BC200C2CE55 /* popmovieTests.swift in Sources */,
			);
			runOnlyForDeploymentPostprocessing = 0;
		};
		3D4D5167237B4BC300C2CE55 /* Sources */ = {
			isa = PBXSourcesBuildPhase;
			buildActionMask = 2147483647;
			files = (
				3D4D5170237B4BC300C2CE55 /* popmovieUITests.swift in Sources */,
			);
			runOnlyForDeploymentPostprocessing = 0;
		};
/* End PBXSourcesBuildPhase section */

/* Begin PBXTargetDependency section */
		3D4D5162237B4BC200C2CE55 /* PBXTargetDependency */ = {
			isa = PBXTargetDependency;
			target = 3D4D514B237B4BC200C2CE55 /* popmovie */;
			targetProxy = 3D4D5161237B4BC200C2CE55 /* PBXContainerItemProxy */;
		};
		3D4D516D237B4BC300C2CE55 /* PBXTargetDependency */ = {
			isa = PBXTargetDependency;
			target = 3D4D514B237B4BC200C2CE55 /* popmovie */;
			targetProxy = 3D4D516C237B4BC300C2CE55 /* PBXContainerItemProxy */;
		};
		3D71C616237CB1C800EF495B /* PBXTargetDependency */ = {
			isa = PBXTargetDependency;
			name = "Alamofire iOS";
			targetProxy = 3D71C615237CB1C800EF495B /* PBXContainerItemProxy */;
		};
		3D71C637237CB1E500EF495B /* PBXTargetDependency */ = {
			isa = PBXTargetDependency;
			name = "AlamofireImage iOS";
			targetProxy = 3D71C636237CB1E500EF495B /* PBXContainerItemProxy */;
		};
/* End PBXTargetDependency section */

/* Begin PBXVariantGroup section */
		3D4D5153237B4BC200C2CE55 /* Main.storyboard */ = {
			isa = PBXVariantGroup;
			children = (
				3D4D5154237B4BC200C2CE55 /* Base */,
			);
			name = Main.storyboard;
			sourceTree = "<group>";
		};
		3D4D5158237B4BC200C2CE55 /* LaunchScreen.storyboard */ = {
			isa = PBXVariantGroup;
			children = (
				3D4D5159237B4BC200C2CE55 /* Base */,
			);
			name = LaunchScreen.storyboard;
			sourceTree = "<group>";
		};
/* End PBXVariantGroup section */

/* Begin XCBuildConfiguration section */
		3D4D5172237B4BC300C2CE55 /* Debug */ = {
			isa = XCBuildConfiguration;
			buildSettings = {
				ALWAYS_SEARCH_USER_PATHS = NO;
				CLANG_ANALYZER_NONNULL = YES;
				CLANG_ANALYZER_NUMBER_OBJECT_CONVERSION = YES_AGGRESSIVE;
				CLANG_CXX_LANGUAGE_STANDARD = "gnu++14";
				CLANG_CXX_LIBRARY = "libc++";
				CLANG_ENABLE_MODULES = YES;
				CLANG_ENABLE_OBJC_ARC = YES;
				CLANG_ENABLE_OBJC_WEAK = YES;
				CLANG_WARN_BLOCK_CAPTURE_AUTORELEASING = YES;
				CLANG_WARN_BOOL_CONVERSION = YES;
				CLANG_WARN_COMMA = YES;
				CLANG_WARN_CONSTANT_CONVERSION = YES;
				CLANG_WARN_DEPRECATED_OBJC_IMPLEMENTATIONS = YES;
				CLANG_WARN_DIRECT_OBJC_ISA_USAGE = YES_ERROR;
				CLANG_WARN_DOCUMENTATION_COMMENTS = YES;
				CLANG_WARN_EMPTY_BODY = YES;
				CLANG_WARN_ENUM_CONVERSION = YES;
				CLANG_WARN_INFINITE_RECURSION = YES;
				CLANG_WARN_INT_CONVERSION = YES;
				CLANG_WARN_NON_LITERAL_NULL_CONVERSION = YES;
				CLANG_WARN_OBJC_IMPLICIT_RETAIN_SELF = YES;
				CLANG_WARN_OBJC_LITERAL_CONVERSION = YES;
				CLANG_WARN_OBJC_ROOT_CLASS = YES_ERROR;
				CLANG_WARN_RANGE_LOOP_ANALYSIS = YES;
				CLANG_WARN_STRICT_PROTOTYPES = YES;
				CLANG_WARN_SUSPICIOUS_MOVE = YES;
				CLANG_WARN_UNGUARDED_AVAILABILITY = YES_AGGRESSIVE;
				CLANG_WARN_UNREACHABLE_CODE = YES;
				CLANG_WARN__DUPLICATE_METHOD_MATCH = YES;
				CODE_SIGN_IDENTITY = "iPhone Developer";
				COPY_PHASE_STRIP = NO;
				DEBUG_INFORMATION_FORMAT = dwarf;
				ENABLE_STRICT_OBJC_MSGSEND = YES;
				ENABLE_TESTABILITY = YES;
				GCC_C_LANGUAGE_STANDARD = gnu11;
				GCC_DYNAMIC_NO_PIC = NO;
				GCC_NO_COMMON_BLOCKS = YES;
				GCC_OPTIMIZATION_LEVEL = 0;
				GCC_PREPROCESSOR_DEFINITIONS = (
					"DEBUG=1",
					"$(inherited)",
				);
				GCC_WARN_64_TO_32_BIT_CONVERSION = YES;
				GCC_WARN_ABOUT_RETURN_TYPE = YES_ERROR;
				GCC_WARN_UNDECLARED_SELECTOR = YES;
				GCC_WARN_UNINITIALIZED_AUTOS = YES_AGGRESSIVE;
				GCC_WARN_UNUSED_FUNCTION = YES;
				GCC_WARN_UNUSED_VARIABLE = YES;
				IPHONEOS_DEPLOYMENT_TARGET = 12.4;
				MTL_ENABLE_DEBUG_INFO = INCLUDE_SOURCE;
				MTL_FAST_MATH = YES;
				ONLY_ACTIVE_ARCH = YES;
				SDKROOT = iphoneos;
				SWIFT_ACTIVE_COMPILATION_CONDITIONS = DEBUG;
				SWIFT_OPTIMIZATION_LEVEL = "-Onone";
			};
			name = Debug;
		};
		3D4D5173237B4BC300C2CE55 /* Release */ = {
			isa = XCBuildConfiguration;
			buildSettings = {
				ALWAYS_SEARCH_USER_PATHS = NO;
				CLANG_ANALYZER_NONNULL = YES;
				CLANG_ANALYZER_NUMBER_OBJECT_CONVERSION = YES_AGGRESSIVE;
				CLANG_CXX_LANGUAGE_STANDARD = "gnu++14";
				CLANG_CXX_LIBRARY = "libc++";
				CLANG_ENABLE_MODULES = YES;
				CLANG_ENABLE_OBJC_ARC = YES;
				CLANG_ENABLE_OBJC_WEAK = YES;
				CLANG_WARN_BLOCK_CAPTURE_AUTORELEASING = YES;
				CLANG_WARN_BOOL_CONVERSION = YES;
				CLANG_WARN_COMMA = YES;
				CLANG_WARN_CONSTANT_CONVERSION = YES;
				CLANG_WARN_DEPRECATED_OBJC_IMPLEMENTATIONS = YES;
				CLANG_WARN_DIRECT_OBJC_ISA_USAGE = YES_ERROR;
				CLANG_WARN_DOCUMENTATION_COMMENTS = YES;
				CLANG_WARN_EMPTY_BODY = YES;
				CLANG_WARN_ENUM_CONVERSION = YES;
				CLANG_WARN_INFINITE_RECURSION = YES;
				CLANG_WARN_INT_CONVERSION = YES;
				CLANG_WARN_NON_LITERAL_NULL_CONVERSION = YES;
				CLANG_WARN_OBJC_IMPLICIT_RETAIN_SELF = YES;
				CLANG_WARN_OBJC_LITERAL_CONVERSION = YES;
				CLANG_WARN_OBJC_ROOT_CLASS = YES_ERROR;
				CLANG_WARN_RANGE_LOOP_ANALYSIS = YES;
				CLANG_WARN_STRICT_PROTOTYPES = YES;
				CLANG_WARN_SUSPICIOUS_MOVE = YES;
				CLANG_WARN_UNGUARDED_AVAILABILITY = YES_AGGRESSIVE;
				CLANG_WARN_UNREACHABLE_CODE = YES;
				CLANG_WARN__DUPLICATE_METHOD_MATCH = YES;
				CODE_SIGN_IDENTITY = "iPhone Developer";
				COPY_PHASE_STRIP = NO;
				DEBUG_INFORMATION_FORMAT = "dwarf-with-dsym";
				ENABLE_NS_ASSERTIONS = NO;
				ENABLE_STRICT_OBJC_MSGSEND = YES;
				GCC_C_LANGUAGE_STANDARD = gnu11;
				GCC_NO_COMMON_BLOCKS = YES;
				GCC_WARN_64_TO_32_BIT_CONVERSION = YES;
				GCC_WARN_ABOUT_RETURN_TYPE = YES_ERROR;
				GCC_WARN_UNDECLARED_SELECTOR = YES;
				GCC_WARN_UNINITIALIZED_AUTOS = YES_AGGRESSIVE;
				GCC_WARN_UNUSED_FUNCTION = YES;
				GCC_WARN_UNUSED_VARIABLE = YES;
				IPHONEOS_DEPLOYMENT_TARGET = 12.4;
				MTL_ENABLE_DEBUG_INFO = NO;
				MTL_FAST_MATH = YES;
				SDKROOT = iphoneos;
				SWIFT_COMPILATION_MODE = wholemodule;
				SWIFT_OPTIMIZATION_LEVEL = "-O";
				VALIDATE_PRODUCT = YES;
			};
			name = Release;
		};
		3D4D5175237B4BC300C2CE55 /* Debug */ = {
			isa = XCBuildConfiguration;
			buildSettings = {
				ALWAYS_EMBED_SWIFT_STANDARD_LIBRARIES = YES;
				ASSETCATALOG_COMPILER_APPICON_NAME = AppIcon;
				CODE_SIGN_IDENTITY = "iPhone Developer";
				CODE_SIGN_STYLE = Automatic;
				DEVELOPMENT_TEAM = "";
				INFOPLIST_FILE = popmovie/Info.plist;
				IPHONEOS_DEPLOYMENT_TARGET = 12.4;
				LD_RUNPATH_SEARCH_PATHS = (
					"$(inherited)",
					"@executable_path/Frameworks",
				);
				PRODUCT_BUNDLE_IDENTIFIER = ulsa.edu.popmovie;
				PRODUCT_NAME = "$(TARGET_NAME)";
				PROVISIONING_PROFILE_SPECIFIER = "";
				SWIFT_VERSION = 5.0;
				TARGETED_DEVICE_FAMILY = "1,2";
			};
			name = Debug;
		};
		3D4D5176237B4BC300C2CE55 /* Release */ = {
			isa = XCBuildConfiguration;
			buildSettings = {
				ALWAYS_EMBED_SWIFT_STANDARD_LIBRARIES = YES;
				ASSETCATALOG_COMPILER_APPICON_NAME = AppIcon;
				CODE_SIGN_IDENTITY = "iPhone Developer";
				CODE_SIGN_STYLE = Automatic;
				DEVELOPMENT_TEAM = "";
				INFOPLIST_FILE = popmovie/Info.plist;
				IPHONEOS_DEPLOYMENT_TARGET = 12.4;
				LD_RUNPATH_SEARCH_PATHS = (
					"$(inherited)",
					"@executable_path/Frameworks",
				);
				PRODUCT_BUNDLE_IDENTIFIER = ulsa.edu.popmovie;
				PRODUCT_NAME = "$(TARGET_NAME)";
				PROVISIONING_PROFILE_SPECIFIER = "";
				SWIFT_VERSION = 5.0;
				TARGETED_DEVICE_FAMILY = "1,2";
			};
			name = Release;
		};
		3D4D5178237B4BC300C2CE55 /* Debug */ = {
			isa = XCBuildConfiguration;
			buildSettings = {
				ALWAYS_EMBED_SWIFT_STANDARD_LIBRARIES = YES;
				BUNDLE_LOADER = "$(TEST_HOST)";
				CODE_SIGN_STYLE = Automatic;
				INFOPLIST_FILE = popmovieTests/Info.plist;
				LD_RUNPATH_SEARCH_PATHS = (
					"$(inherited)",
					"@executable_path/Frameworks",
					"@loader_path/Frameworks",
				);
				PRODUCT_BUNDLE_IDENTIFIER = ulsa.edu.popmovieTests;
				PRODUCT_NAME = "$(TARGET_NAME)";
				SWIFT_VERSION = 5.0;
				TARGETED_DEVICE_FAMILY = "1,2";
				TEST_HOST = "$(BUILT_PRODUCTS_DIR)/popmovie.app/popmovie";
			};
			name = Debug;
		};
		3D4D5179237B4BC300C2CE55 /* Release */ = {
			isa = XCBuildConfiguration;
			buildSettings = {
				ALWAYS_EMBED_SWIFT_STANDARD_LIBRARIES = YES;
				BUNDLE_LOADER = "$(TEST_HOST)";
				CODE_SIGN_STYLE = Automatic;
				INFOPLIST_FILE = popmovieTests/Info.plist;
				LD_RUNPATH_SEARCH_PATHS = (
					"$(inherited)",
					"@executable_path/Frameworks",
					"@loader_path/Frameworks",
				);
				PRODUCT_BUNDLE_IDENTIFIER = ulsa.edu.popmovieTests;
				PRODUCT_NAME = "$(TARGET_NAME)";
				SWIFT_VERSION = 5.0;
				TARGETED_DEVICE_FAMILY = "1,2";
				TEST_HOST = "$(BUILT_PRODUCTS_DIR)/popmovie.app/popmovie";
			};
			name = Release;
		};
		3D4D517B237B4BC300C2CE55 /* Debug */ = {
			isa = XCBuildConfiguration;
			buildSettings = {
				ALWAYS_EMBED_SWIFT_STANDARD_LIBRARIES = YES;
				CODE_SIGN_STYLE = Automatic;
				INFOPLIST_FILE = popmovieUITests/Info.plist;
				LD_RUNPATH_SEARCH_PATHS = (
					"$(inherited)",
					"@executable_path/Frameworks",
					"@loader_path/Frameworks",
				);
				PRODUCT_BUNDLE_IDENTIFIER = ulsa.edu.popmovieUITests;
				PRODUCT_NAME = "$(TARGET_NAME)";
				SWIFT_VERSION = 5.0;
				TARGETED_DEVICE_FAMILY = "1,2";
				TEST_TARGET_NAME = popmovie;
			};
			name = Debug;
		};
		3D4D517C237B4BC300C2CE55 /* Release */ = {
			isa = XCBuildConfiguration;
			buildSettings = {
				ALWAYS_EMBED_SWIFT_STANDARD_LIBRARIES = YES;
				CODE_SIGN_STYLE = Automatic;
				INFOPLIST_FILE = popmovieUITests/Info.plist;
				LD_RUNPATH_SEARCH_PATHS = (
					"$(inherited)",
					"@executable_path/Frameworks",
					"@loader_path/Frameworks",
				);
				PRODUCT_BUNDLE_IDENTIFIER = ulsa.edu.popmovieUITests;
				PRODUCT_NAME = "$(TARGET_NAME)";
				SWIFT_VERSION = 5.0;
				TARGETED_DEVICE_FAMILY = "1,2";
				TEST_TARGET_NAME = popmovie;
			};
			name = Release;
		};
/* End XCBuildConfiguration section */

/* Begin XCConfigurationList section */
		3D4D5147237B4BC200C2CE55 /* Build configuration list for PBXProject "popmovie" */ = {
			isa = XCConfigurationList;
			buildConfigurations = (
				3D4D5172237B4BC300C2CE55 /* Debug */,
				3D4D5173237B4BC300C2CE55 /* Release */,
			);
			defaultConfigurationIsVisible = 0;
			defaultConfigurationName = Release;
		};
		3D4D5174237B4BC300C2CE55 /* Build configuration list for PBXNativeTarget "popmovie" */ = {
			isa = XCConfigurationList;
			buildConfigurations = (
				3D4D5175237B4BC300C2CE55 /* Debug */,
				3D4D5176237B4BC300C2CE55 /* Release */,
			);
			defaultConfigurationIsVisible = 0;
			defaultConfigurationName = Release;
		};
		3D4D5177237B4BC300C2CE55 /* Build configuration list for PBXNativeTarget "popmovieTests" */ = {
			isa = XCConfigurationList;
			buildConfigurations = (
				3D4D5178237B4BC300C2CE55 /* Debug */,
				3D4D5179237B4BC300C2CE55 /* Release */,
			);
			defaultConfigurationIsVisible = 0;
			defaultConfigurationName = Release;
		};
		3D4D517A237B4BC300C2CE55 /* Build configuration list for PBXNativeTarget "popmovieUITests" */ = {
			isa = XCConfigurationList;
			buildConfigurations = (
				3D4D517B237B4BC300C2CE55 /* Debug */,
				3D4D517C237B4BC300C2CE55 /* Release */,
			);
			defaultConfigurationIsVisible = 0;
			defaultConfigurationName = Release;
		};
/* End XCConfigurationList section */
	};
	rootObject = 3D4D5144237B4BC200C2CE55 /* Project object */;
}
